{
  "name": "algo",
  "version": "1.0.0",
  "lockfileVersion": 1,
  "requires": true,
  "dependencies": {
    "sync-input": {
      "version": "https://github.com/hyperskill/sync-input/archive/v1.tar.gz",
      "integrity": "sha512-ohVdaqkG9oTGuMN43tckpPml/kXh+REAuJKmEg8w3a/kmGH9QqxNGyOsWelk7yCuWxhIynKaP8O6K39d6SaMTw=="
    }
  }
}
